
Microsoft Visual Studio Solution File, Format Version 10.00
# Visual Studio 2008
Project("{8BC9CEB8-8B4A-11D0-8D11-00A0C91BC942}") = "Sorting", "Sorting.vcproj", "{A4BA3DFA-96CA-4E45-BB3D-5C052A43DB78}"
EndProject
Global
	GlobalSection(SolutionConfigurationPlatforms) = preSolution
		Debug|Win32 = Debug|Win32
		Release|Win32 = Release|Win32
	EndGlobalSection
	GlobalSection(ProjectConfigurationPlatforms) = postSolution
		{A4BA3DFA-96CA-4E45-BB3D-5C052A43DB78}.Debug|Win32.ActiveCfg = Debug|Win32
		{A4BA3DFA-96CA-4E45-BB3D-5C052A43DB78}.Debug|Win32.Build.0 = Debug|Win32
		{A4BA3DFA-96CA-4E45-BB3D-5C052A43DB78}.Release|Win32.ActiveCfg = Release|Win32
		{A4BA3DFA-96CA-4E45-BB3D-5C052A43DB78}.Release|Win32.Build.0 = Release|Win32
	EndGlobalSection
	GlobalSection(SolutionProperties) = preSolution
		HideSolutionNode = FALSE
	EndGlobalSection
EndGlobal
