
Microsoft Visual Studio Solution File, Format Version 10.00
# Visual Studio 2008
Project("{8BC9CEB8-8B4A-11D0-8D11-00A0C91BC942}") = "randum for loops", "randum for loops.vcproj", "{329F10DB-A742-408C-B2FA-E9C8ED458FA2}"
EndProject
Global
	GlobalSection(SolutionConfigurationPlatforms) = preSolution
		Debug|Win32 = Debug|Win32
		Release|Win32 = Release|Win32
	EndGlobalSection
	GlobalSection(ProjectConfigurationPlatforms) = postSolution
		{329F10DB-A742-408C-B2FA-E9C8ED458FA2}.Debug|Win32.ActiveCfg = Debug|Win32
		{329F10DB-A742-408C-B2FA-E9C8ED458FA2}.Debug|Win32.Build.0 = Debug|Win32
		{329F10DB-A742-408C-B2FA-E9C8ED458FA2}.Release|Win32.ActiveCfg = Release|Win32
		{329F10DB-A742-408C-B2FA-E9C8ED458FA2}.Release|Win32.Build.0 = Release|Win32
	EndGlobalSection
	GlobalSection(SolutionProperties) = preSolution
		HideSolutionNode = FALSE
	EndGlobalSection
EndGlobal
