
Microsoft Visual Studio Solution File, Format Version 10.00
# Visual Studio 2008
Project("{8BC9CEB8-8B4A-11D0-8D11-00A0C91BC942}") = "lab 3", "lab 3.vcproj", "{AB338D6B-ED53-4D0E-97AA-17E1CC5F240E}"
EndProject
Global
	GlobalSection(SolutionConfigurationPlatforms) = preSolution
		Debug|Win32 = Debug|Win32
		Release|Win32 = Release|Win32
	EndGlobalSection
	GlobalSection(ProjectConfigurationPlatforms) = postSolution
		{AB338D6B-ED53-4D0E-97AA-17E1CC5F240E}.Debug|Win32.ActiveCfg = Debug|Win32
		{AB338D6B-ED53-4D0E-97AA-17E1CC5F240E}.Debug|Win32.Build.0 = Debug|Win32
		{AB338D6B-ED53-4D0E-97AA-17E1CC5F240E}.Release|Win32.ActiveCfg = Release|Win32
		{AB338D6B-ED53-4D0E-97AA-17E1CC5F240E}.Release|Win32.Build.0 = Release|Win32
	EndGlobalSection
	GlobalSection(SolutionProperties) = preSolution
		HideSolutionNode = FALSE
	EndGlobalSection
EndGlobal
