
Microsoft Visual Studio Solution File, Format Version 10.00
# Visual Studio 2008
Project("{8BC9CEB8-8B4A-11D0-8D11-00A0C91BC942}") = "lab strings class", "lab strings class.vcproj", "{89C36DCC-53D0-4693-B8F6-33D35F12E21A}"
EndProject
Global
	GlobalSection(SolutionConfigurationPlatforms) = preSolution
		Debug|Win32 = Debug|Win32
		Release|Win32 = Release|Win32
	EndGlobalSection
	GlobalSection(ProjectConfigurationPlatforms) = postSolution
		{89C36DCC-53D0-4693-B8F6-33D35F12E21A}.Debug|Win32.ActiveCfg = Debug|Win32
		{89C36DCC-53D0-4693-B8F6-33D35F12E21A}.Debug|Win32.Build.0 = Debug|Win32
		{89C36DCC-53D0-4693-B8F6-33D35F12E21A}.Release|Win32.ActiveCfg = Release|Win32
		{89C36DCC-53D0-4693-B8F6-33D35F12E21A}.Release|Win32.Build.0 = Release|Win32
	EndGlobalSection
	GlobalSection(SolutionProperties) = preSolution
		HideSolutionNode = FALSE
	EndGlobalSection
EndGlobal
