
Microsoft Visual Studio Solution File, Format Version 10.00
# Visual Studio 2008
Project("{8BC9CEB8-8B4A-11D0-8D11-00A0C91BC942}") = "lab 8", "lab 8\lab 8.vcproj", "{722D73E3-B604-489B-81B0-C90097E768F7}"
EndProject
Global
	GlobalSection(SolutionConfigurationPlatforms) = preSolution
		Debug|Win32 = Debug|Win32
		Release|Win32 = Release|Win32
	EndGlobalSection
	GlobalSection(ProjectConfigurationPlatforms) = postSolution
		{722D73E3-B604-489B-81B0-C90097E768F7}.Debug|Win32.ActiveCfg = Debug|Win32
		{722D73E3-B604-489B-81B0-C90097E768F7}.Debug|Win32.Build.0 = Debug|Win32
		{722D73E3-B604-489B-81B0-C90097E768F7}.Release|Win32.ActiveCfg = Release|Win32
		{722D73E3-B604-489B-81B0-C90097E768F7}.Release|Win32.Build.0 = Release|Win32
	EndGlobalSection
	GlobalSection(SolutionProperties) = preSolution
		HideSolutionNode = FALSE
	EndGlobalSection
EndGlobal
